# THIS IS AN AUTOGENERATED FILE. DO NOT EDIT THIS FILE DIRECTLY.
# yarn lockfile v1


async@^2.6.1:
  version "2.6.1"
  resolved "https://registry.yarnpkg.com/async/-/async-2.6.1.tgz#b245a23ca71930044ec53fa46aa00a3e87c6a610"
  integrity sha512-fNEiL2+AZt6AlAw/29Cr0UDe4sRAHCpEHh54WMz+Bb7QfNcFw4h3loofyJpLeQs4Yx7yuqu/2dLgM5hKOs6HlQ==
  dependencies:
    lodash "^4.17.10"

emoji.json@^11.0.1:
  version "11.0.1"
  resolved "https://registry.yarnpkg.com/emoji.json/-/emoji.json-11.0.1.tgz#8830476cd9844c0f8b2c03b5722f4f6d83788e9f"
  integrity sha512-24DYRPSIFXZYWwPmFKLDzuObUUYFC/spSlSbpo7QnyxBbTi7+s/YSG5Tc5AsBnSkgr8K4byKGWNmxSKgjh9Wag==

lodash@^4.17.10:
  version "4.17.11"
  resolved "https://registry.yarnpkg.com/lodash/-/lodash-4.17.11.tgz#b39ea6229ef607ecd89e2c8df12536891cac9b8d"
  integrity sha512-cQKh8igo5QUhZ7lg38DYWAxMvjSAKG0A8wGSVimP07SIUEK2UO+arSRKbRZWtelMtN5V0Hkwh5ryOto/SshYIg==

pretty-data@^0.40.0:
  version "0.40.0"
  resolved "https://registry.yarnpkg.com/pretty-data/-/pretty-data-0.40.0.tgz#572aa8ea23467467ab94b6b5266a6fd9c8fddd72"
  integrity sha1-Vyqo6iNGdGerlLa1Jmpv2cj93XI=
